
Microsoft Visual Studio Solution File, Format Version 12.00
# Visual Studio 14
VisualStudioVersion = 14.0.23107.0
MinimumVisualStudioVersion = 10.0.40219.1
Project("{8BC9CEB8-8B4A-11D0-8D11-00A0C91BC942}") = "ECM_Lib", "ECM_Lib\ECM_Lib.vcxproj", "{C41A5CC5-BC80-4B37-B98B-68951EBD9CEC}"
EndProject
Project("{FAE04EC0-301F-11D3-BF4B-00C04F79EFBC}") = "ECM_Gui", "ECM_Gui\ECM_Gui.csproj", "{50B2F0AE-1AFC-4ADD-B150-7657A306E24C}"
EndProject
Global
	GlobalSection(SolutionConfigurationPlatforms) = preSolution
		Debug|Any CPU = Debug|Any CPU
		Debug|x64 = Debug|x64
		Debug|x86 = Debug|x86
		Release|Any CPU = Release|Any CPU
		Release|x64 = Release|x64
		Release|x86 = Release|x86
	EndGlobalSection
	GlobalSection(ProjectConfigurationPlatforms) = postSolution
		{C41A5CC5-BC80-4B37-B98B-68951EBD9CEC}.Debug|Any CPU.ActiveCfg = Debug|Win32
		{C41A5CC5-BC80-4B37-B98B-68951EBD9CEC}.Debug|x64.ActiveCfg = Debug|x64
		{C41A5CC5-BC80-4B37-B98B-68951EBD9CEC}.Debug|x64.Build.0 = Debug|x64
		{C41A5CC5-BC80-4B37-B98B-68951EBD9CEC}.Debug|x86.ActiveCfg = Debug|Win32
		{C41A5CC5-BC80-4B37-B98B-68951EBD9CEC}.Debug|x86.Build.0 = Debug|Win32
		{C41A5CC5-BC80-4B37-B98B-68951EBD9CEC}.Release|Any CPU.ActiveCfg = Release|Win32
		{C41A5CC5-BC80-4B37-B98B-68951EBD9CEC}.Release|x64.ActiveCfg = Release|x64
		{C41A5CC5-BC80-4B37-B98B-68951EBD9CEC}.Release|x64.Build.0 = Release|x64
		{C41A5CC5-BC80-4B37-B98B-68951EBD9CEC}.Release|x86.ActiveCfg = Release|Win32
		{C41A5CC5-BC80-4B37-B98B-68951EBD9CEC}.Release|x86.Build.0 = Release|Win32
		{50B2F0AE-1AFC-4ADD-B150-7657A306E24C}.Debug|Any CPU.ActiveCfg = Debug|Any CPU
		{50B2F0AE-1AFC-4ADD-B150-7657A306E24C}.Debug|Any CPU.Build.0 = Debug|Any CPU
		{50B2F0AE-1AFC-4ADD-B150-7657A306E24C}.Debug|x64.ActiveCfg = Debug|Any CPU
		{50B2F0AE-1AFC-4ADD-B150-7657A306E24C}.Debug|x64.Build.0 = Debug|Any CPU
		{50B2F0AE-1AFC-4ADD-B150-7657A306E24C}.Debug|x86.ActiveCfg = Debug|Any CPU
		{50B2F0AE-1AFC-4ADD-B150-7657A306E24C}.Debug|x86.Build.0 = Debug|Any CPU
		{50B2F0AE-1AFC-4ADD-B150-7657A306E24C}.Release|Any CPU.ActiveCfg = Release|Any CPU
		{50B2F0AE-1AFC-4ADD-B150-7657A306E24C}.Release|Any CPU.Build.0 = Release|Any CPU
		{50B2F0AE-1AFC-4ADD-B150-7657A306E24C}.Release|x64.ActiveCfg = Release|Any CPU
		{50B2F0AE-1AFC-4ADD-B150-7657A306E24C}.Release|x64.Build.0 = Release|Any CPU
		{50B2F0AE-1AFC-4ADD-B150-7657A306E24C}.Release|x86.ActiveCfg = Release|Any CPU
		{50B2F0AE-1AFC-4ADD-B150-7657A306E24C}.Release|x86.Build.0 = Release|Any CPU
	EndGlobalSection
	GlobalSection(SolutionProperties) = preSolution
		HideSolutionNode = FALSE
	EndGlobalSection
EndGlobal
